
Microsoft Visual Studio Solution File, Format Version 12.00
# Visual Studio Version 17
VisualStudioVersion = 17.7.34031.279
MinimumVisualStudioVersion = 10.0.40219.1
Project("{9A19103F-16F7-4668-BE54-9A1E7A4F7556}") = "TrackWare.EndPoint", "TrackWare.EndPoint\TrackWare.EndPoint.csproj", "{7BD63F3E-C365-40CC-A4C6-381E13238A2A}"
EndProject
Project("{9A19103F-16F7-4668-BE54-9A1E7A4F7556}") = "TrackWare.Application", "TrackWare.Application\TrackWare.Application.csproj", "{F3E13AF3-C3A9-4BA5-AB6C-F559AF9FAA66}"
EndProject
Project("{9A19103F-16F7-4668-BE54-9A1E7A4F7556}") = "TrackWare.Domain", "TrackWare.Domain\TrackWare.Domain.csproj", "{72F12292-784F-463E-87FD-0966BD7CAD00}"
EndProject
Project("{9A19103F-16F7-4668-BE54-9A1E7A4F7556}") = "TrackWare.Infrastructure", "TrackWare.Infrastructure\TrackWare.Infrastructure.csproj", "{B1D41F84-B145-4B7C-B959-E58F3ADFAC06}"
EndProject
Project("{FAE04EC0-301F-11D3-BF4B-00C04F79EFBC}") = "TrackWare.Tests", "TrackWare.Tests\TrackWare.Tests.csproj", "{F7CF085B-00C1-4B30-B241-A1FD30DFE929}"
EndProject
Global
	GlobalSection(SolutionConfigurationPlatforms) = preSolution
		Debug|Any CPU = Debug|Any CPU
		Release|Any CPU = Release|Any CPU
	EndGlobalSection
	GlobalSection(ProjectConfigurationPlatforms) = postSolution
		{7BD63F3E-C365-40CC-A4C6-381E13238A2A}.Debug|Any CPU.ActiveCfg = Debug|Any CPU
		{7BD63F3E-C365-40CC-A4C6-381E13238A2A}.Debug|Any CPU.Build.0 = Debug|Any CPU
		{7BD63F3E-C365-40CC-A4C6-381E13238A2A}.Release|Any CPU.ActiveCfg = Release|Any CPU
		{7BD63F3E-C365-40CC-A4C6-381E13238A2A}.Release|Any CPU.Build.0 = Release|Any CPU
		{F3E13AF3-C3A9-4BA5-AB6C-F559AF9FAA66}.Debug|Any CPU.ActiveCfg = Debug|Any CPU
		{F3E13AF3-C3A9-4BA5-AB6C-F559AF9FAA66}.Debug|Any CPU.Build.0 = Debug|Any CPU
		{F3E13AF3-C3A9-4BA5-AB6C-F559AF9FAA66}.Release|Any CPU.ActiveCfg = Release|Any CPU
		{F3E13AF3-C3A9-4BA5-AB6C-F559AF9FAA66}.Release|Any CPU.Build.0 = Release|Any CPU
		{72F12292-784F-463E-87FD-0966BD7CAD00}.Debug|Any CPU.ActiveCfg = Debug|Any CPU
		{72F12292-784F-463E-87FD-0966BD7CAD00}.Debug|Any CPU.Build.0 = Debug|Any CPU
		{72F12292-784F-463E-87FD-0966BD7CAD00}.Release|Any CPU.ActiveCfg = Release|Any CPU
		{72F12292-784F-463E-87FD-0966BD7CAD00}.Release|Any CPU.Build.0 = Release|Any CPU
		{B1D41F84-B145-4B7C-B959-E58F3ADFAC06}.Debug|Any CPU.ActiveCfg = Debug|Any CPU
		{B1D41F84-B145-4B7C-B959-E58F3ADFAC06}.Debug|Any CPU.Build.0 = Debug|Any CPU
		{B1D41F84-B145-4B7C-B959-E58F3ADFAC06}.Release|Any CPU.ActiveCfg = Release|Any CPU
		{B1D41F84-B145-4B7C-B959-E58F3ADFAC06}.Release|Any CPU.Build.0 = Release|Any CPU
		{F7CF085B-00C1-4B30-B241-A1FD30DFE929}.Debug|Any CPU.ActiveCfg = Debug|Any CPU
		{F7CF085B-00C1-4B30-B241-A1FD30DFE929}.Debug|Any CPU.Build.0 = Debug|Any CPU
		{F7CF085B-00C1-4B30-B241-A1FD30DFE929}.Release|Any CPU.ActiveCfg = Release|Any CPU
		{F7CF085B-00C1-4B30-B241-A1FD30DFE929}.Release|Any CPU.Build.0 = Release|Any CPU
	EndGlobalSection
	GlobalSection(SolutionProperties) = preSolution
		HideSolutionNode = FALSE
	EndGlobalSection
	GlobalSection(ExtensibilityGlobals) = postSolution
		SolutionGuid = {A18A89FA-4419-488B-9160-798BABA74C82}
	EndGlobalSection
EndGlobal
